{
  "name": "seeded-next",
  "version": "0.3.0",
  "lockfileVersion": 3,
  "requires": true,
  "packages": {
    "": {
      "name": "seeded-next",
      "version": "0.3.0",
      "dependencies": {
        "@upstash/ratelimit": "^2.0.5",
        "@upstash/redis": "^1.35.0",
        "bcryptjs": "^3.0.2",
        "jsonwebtoken": "^9.0.2",
        "next": "^15.3.4",
        "pg": "^8.16.0",
        "pino": "^9.7.0",
        "react": "^19.1.0",
        "react-dom": "^19.1.0",
        "zod": "^3.25.0"
      }
    },
    "node_modules/@upstash/ratelimit": {
      "version": "2.0.5",
      "resolved": "https://registry.npmjs.org/@upstash/ratelimit/-/ratelimit-2.0.5.tgz",
      "license": "MIT"
    },
    "node_modules/@upstash/redis": {
      "version": "1.35.0",
      "resolved": "https://registry.npmjs.org/@upstash/redis/-/redis-1.35.0.tgz",
      "license": "MIT"
    },
    "node_modules/bcryptjs": {
      "version": "3.0.2",
      "resolved": "https://registry.npmjs.org/bcryptjs/-/bcryptjs-3.0.2.tgz",
      "license": "MIT"
    },
    "node_modules/jsonwebtoken": {
      "version": "9.0.2",
      "resolved": "https://registry.npmjs.org/jsonwebtoken/-/jsonwebtoken-9.0.2.tgz",
      "license": "MIT"
    },
    "node_modules/next": {
      "version": "15.3.4",
      "resolved": "https://registry.npmjs.org/next/-/next-15.3.4.tgz",
      "license": "MIT"
    },
    "node_modules/pg": {
      "version": "8.16.0",
      "resolved": "https://registry.npmjs.org/pg/-/pg-8.16.0.tgz",
      "license": "MIT"
    },
    "node_modules/pino": {
      "version": "9.7.0",
      "resolved": "https://registry.npmjs.org/pino/-/pino-9.7.0.tgz",
      "license": "MIT"
    },
    "node_modules/react": {
      "version": "19.1.0",
      "resolved": "https://registry.npmjs.org/react/-/react-19.1.0.tgz",
      "license": "MIT"
    },
    "node_modules/react-dom": {
      "version": "19.1.0",
      "resolved": "https://registry.npmjs.org/react-dom/-/react-dom-19.1.0.tgz",
      "license": "MIT"
    },
    "node_modules/zod": {
      "version": "3.25.67",
      "resolved": "https://registry.npmjs.org/zod/-/zod-3.25.67.tgz",
      "license": "MIT"
    }
  }
}
