{
  "name": "seeded-express",
  "version": "1.0.0",
  "lockfileVersion": 3,
  "requires": true,
  "packages": {
    "": {
      "name": "seeded-express",
      "version": "1.0.0",
      "dependencies": {
        "@northwind/policy": "^2.3.0",
        "connect-mongo": "^5.1.0",
        "cors": "^2.8.5",
        "express": "^5.1.0",
        "express-session": "^1.18.1",
        "helmet": "^8.1.0",
        "mongodb": "^6.16.0",
        "zod": "^3.25.0"
      }
    },
    "node_modules/@northwind/policy": {
      "version": "2.3.4",
      "resolved": "https://npm.northwind.internal/@northwind/policy/-/policy-2.3.4.tgz"
    },
    "node_modules/connect-mongo": {
      "version": "5.1.0",
      "resolved": "https://registry.npmjs.org/connect-mongo/-/connect-mongo-5.1.0.tgz",
      "license": "MIT"
    },
    "node_modules/cors": {
      "version": "2.8.5",
      "resolved": "https://registry.npmjs.org/cors/-/cors-2.8.5.tgz",
      "license": "MIT"
    },
    "node_modules/express": {
      "version": "5.1.0",
      "resolved": "https://registry.npmjs.org/express/-/express-5.1.0.tgz",
      "license": "MIT"
    },
    "node_modules/express-session": {
      "version": "1.18.1",
      "resolved": "https://registry.npmjs.org/express-session/-/express-session-1.18.1.tgz",
      "license": "MIT"
    },
    "node_modules/helmet": {
      "version": "8.1.0",
      "resolved": "https://registry.npmjs.org/helmet/-/helmet-8.1.0.tgz",
      "license": "MIT"
    },
    "node_modules/mongodb": {
      "version": "6.16.0",
      "resolved": "https://registry.npmjs.org/mongodb/-/mongodb-6.16.0.tgz",
      "license": "Apache-2.0"
    },
    "node_modules/zod": {
      "version": "3.25.67",
      "resolved": "https://registry.npmjs.org/zod/-/zod-3.25.67.tgz",
      "license": "MIT"
    }
  }
}
